<?xml version="1.0" encoding="utf-8"?>
<Project ToolsVersion="4.0" xmlns="http://schemas.microsoft.com/developer/msbuild/2003">
  <ItemGroup>
    <Filter Include="detours">
      <UniqueIdentifier>{93995380-89BD-4b04-88EB-625FBE52EBFB}</UniqueIdentifier>
      <Extensions>h;hpp;hxx;hm;inl;inc;xsd</Extensions>
    </Filter>
  </ItemGroup>
  <ItemGroup>
    <ClCompile Include="payload\payload.cpp" />
    <ClCompile Include="payload\detours\wininet.cpp">
      <Filter>detours</Filter>
    </ClCompile>
    <ClCompile Include="payload\detours\user32.cpp">
      <Filter>detours</Filter>
    </ClCompile>
    <ClCompile Include="payload\detours\ole32.cpp">
      <Filter>detours</Filter>
    </ClCompile>
  </ItemGroup>
  <ItemGroup>
    <ClInclude Include="payload\detours\wininet.h">
      <Filter>detours</Filter>
    </ClInclude>
    <ClInclude Include="payload\detours\user32.h">
      <Filter>detours</Filter>
    </ClInclude>
    <ClInclude Include="payload\detours\ole32.h">
      <Filter>detours</Filter>
    </ClInclude>
  </ItemGroup>
  <ItemGroup>
    <ResourceCompile Include="payload\payload.rc" />
  </ItemGroup>
</Project>