
Microsoft Visual Studio Solution File, Format Version 12.00
# Visual Studio 15
VisualStudioVersion = 15.0.27004.2010
MinimumVisualStudioVersion = 10.0.40219.1
Project("{8BC9CEB8-8B4A-11D0-8D11-00A0C91BC942}") = "payload", "purifier\payload.vcxproj", "{1724BFAA-A423-404E-9136-5B558B3C5C91}"
	ProjectSection(ProjectDependencies) = postProject
		{A1E3E9C7-1CD1-40FA-BC26-7DA552A0C6F7} = {A1E3E9C7-1CD1-40FA-BC26-7DA552A0C6F7}
		{C700E9E3-C7A1-41D4-BC32-22AE82D465C1} = {C700E9E3-C7A1-41D4-BC32-22AE82D465C1}
	EndProjectSection
EndProject
Project("{8BC9CEB8-8B4A-11D0-8D11-00A0C91BC942}") = "launcher", "purifier\launcher.vcxproj", "{6ACB6A3F-2C0D-4AC7-89B4-FB559D1ACA7E}"
	ProjectSection(ProjectDependencies) = postProject
		{B7EAAC4E-E2DE-4F15-A30A-C5FAD7E4EF40} = {B7EAAC4E-E2DE-4F15-A30A-C5FAD7E4EF40}
		{1724BFAA-A423-404E-9136-5B558B3C5C91} = {1724BFAA-A423-404E-9136-5B558B3C5C91}
		{A1E3E9C7-1CD1-40FA-BC26-7DA552A0C6F7} = {A1E3E9C7-1CD1-40FA-BC26-7DA552A0C6F7}
		{C700E9E3-C7A1-41D4-BC32-22AE82D465C1} = {C700E9E3-C7A1-41D4-BC32-22AE82D465C1}
	EndProjectSection
EndProject
Project("{8BC9CEB8-8B4A-11D0-8D11-00A0C91BC942}") = "packer", "purifier\packer.vcxproj", "{B7EAAC4E-E2DE-4F15-A30A-C5FAD7E4EF40}"
	ProjectSection(ProjectDependencies) = postProject
		{1724BFAA-A423-404E-9136-5B558B3C5C91} = {1724BFAA-A423-404E-9136-5B558B3C5C91}
		{A1E3E9C7-1CD1-40FA-BC26-7DA552A0C6F7} = {A1E3E9C7-1CD1-40FA-BC26-7DA552A0C6F7}
		{C700E9E3-C7A1-41D4-BC32-22AE82D465C1} = {C700E9E3-C7A1-41D4-BC32-22AE82D465C1}
	EndProjectSection
EndProject
Project("{8BC9CEB8-8B4A-11D0-8D11-00A0C91BC942}") = "gandr", "gandr\gandr.vcxproj", "{A1E3E9C7-1CD1-40FA-BC26-7DA552A0C6F7}"
EndProject
Project("{2150E333-8FDC-42A3-9474-1A3956D46DE8}") = "lib", "lib", "{E491AC94-2202-4641-8BDE-3383C3B4D784}"
EndProject
Project("{8BC9CEB8-8B4A-11D0-8D11-00A0C91BC942}") = "shared", "purifier\shared.vcxproj", "{C700E9E3-C7A1-41D4-BC32-22AE82D465C1}"
	ProjectSection(ProjectDependencies) = postProject
		{A1E3E9C7-1CD1-40FA-BC26-7DA552A0C6F7} = {A1E3E9C7-1CD1-40FA-BC26-7DA552A0C6F7}
	EndProjectSection
EndProject
Global
	GlobalSection(SolutionConfigurationPlatforms) = preSolution
		Debug|Win32 = Debug|Win32
		Release|Win32 = Release|Win32
	EndGlobalSection
	GlobalSection(ProjectConfigurationPlatforms) = postSolution
		{1724BFAA-A423-404E-9136-5B558B3C5C91}.Debug|Win32.ActiveCfg = Debug|Win32
		{1724BFAA-A423-404E-9136-5B558B3C5C91}.Debug|Win32.Build.0 = Debug|Win32
		{1724BFAA-A423-404E-9136-5B558B3C5C91}.Release|Win32.ActiveCfg = Release|Win32
		{1724BFAA-A423-404E-9136-5B558B3C5C91}.Release|Win32.Build.0 = Release|Win32
		{6ACB6A3F-2C0D-4AC7-89B4-FB559D1ACA7E}.Debug|Win32.ActiveCfg = Debug|Win32
		{6ACB6A3F-2C0D-4AC7-89B4-FB559D1ACA7E}.Debug|Win32.Build.0 = Debug|Win32
		{6ACB6A3F-2C0D-4AC7-89B4-FB559D1ACA7E}.Release|Win32.ActiveCfg = Release|Win32
		{6ACB6A3F-2C0D-4AC7-89B4-FB559D1ACA7E}.Release|Win32.Build.0 = Release|Win32
		{B7EAAC4E-E2DE-4F15-A30A-C5FAD7E4EF40}.Debug|Win32.ActiveCfg = Debug|Win32
		{B7EAAC4E-E2DE-4F15-A30A-C5FAD7E4EF40}.Debug|Win32.Build.0 = Debug|Win32
		{B7EAAC4E-E2DE-4F15-A30A-C5FAD7E4EF40}.Release|Win32.ActiveCfg = Release|Win32
		{B7EAAC4E-E2DE-4F15-A30A-C5FAD7E4EF40}.Release|Win32.Build.0 = Release|Win32
		{A1E3E9C7-1CD1-40FA-BC26-7DA552A0C6F7}.Debug|Win32.ActiveCfg = Debug|Win32
		{A1E3E9C7-1CD1-40FA-BC26-7DA552A0C6F7}.Debug|Win32.Build.0 = Debug|Win32
		{A1E3E9C7-1CD1-40FA-BC26-7DA552A0C6F7}.Release|Win32.ActiveCfg = Release|Win32
		{A1E3E9C7-1CD1-40FA-BC26-7DA552A0C6F7}.Release|Win32.Build.0 = Release|Win32
		{C700E9E3-C7A1-41D4-BC32-22AE82D465C1}.Debug|Win32.ActiveCfg = Debug|Win32
		{C700E9E3-C7A1-41D4-BC32-22AE82D465C1}.Debug|Win32.Build.0 = Debug|Win32
		{C700E9E3-C7A1-41D4-BC32-22AE82D465C1}.Release|Win32.ActiveCfg = Release|Win32
		{C700E9E3-C7A1-41D4-BC32-22AE82D465C1}.Release|Win32.Build.0 = Release|Win32
	EndGlobalSection
	GlobalSection(SolutionProperties) = preSolution
		HideSolutionNode = FALSE
	EndGlobalSection
	GlobalSection(NestedProjects) = preSolution
		{A1E3E9C7-1CD1-40FA-BC26-7DA552A0C6F7} = {E491AC94-2202-4641-8BDE-3383C3B4D784}
		{C700E9E3-C7A1-41D4-BC32-22AE82D465C1} = {E491AC94-2202-4641-8BDE-3383C3B4D784}
	EndGlobalSection
	GlobalSection(ExtensibilityGlobals) = postSolution
		SolutionGuid = {28554539-9B03-4847-8851-5B2DDD578545}
	EndGlobalSection
EndGlobal
